
Microsoft Visual Studio Solution File, Format Version 12.00
# Visual Studio Version 17
VisualStudioVersion = 17.12.35707.178
MinimumVisualStudioVersion = 10.0.40219.1
Project("{F2A71F9B-5D33-465A-A702-920D77279786}") = "Day1", "Libraries\Day1\Day1.fsproj", "{F491E6BB-FC08-4E76-9A5B-C4B7EDC97E6D}"
EndProject
Project("{2150E333-8FDC-42A3-9474-1A3956D46DE8}") = "Libraries", "Libraries", "{C5B23519-0BC3-4BC6-B8E4-D755E6244D76}"
	ProjectSection(SolutionItems) = preProject
		BaseProgram.txt = BaseProgram.txt
	EndProjectSection
EndProject
Project("{2150E333-8FDC-42A3-9474-1A3956D46DE8}") = "Tests", "Tests", "{678157C9-16AE-4D0E-9FCA-05767084DD55}"
	ProjectSection(SolutionItems) = preProject
		BaseTests.txt = BaseTests.txt
	EndProjectSection
EndProject
Project("{F2A71F9B-5D33-465A-A702-920D77279786}") = "Day1-Tests", "Tests\Day1-Tests\Day1-Tests.fsproj", "{D3137203-9161-431E-8E54-8BC078370FE7}"
EndProject
Project("{F2A71F9B-5D33-465A-A702-920D77279786}") = "Day2", "Libraries\Day2\Day2.fsproj", "{215ECF49-EE38-43BD-99FB-42A501B37912}"
EndProject
Project("{F2A71F9B-5D33-465A-A702-920D77279786}") = "Day2-Tests", "Tests\Day2-Tests\Day2-Tests.fsproj", "{7250C989-1514-4D52-AF7A-7C50AABC8A51}"
EndProject
Project("{F2A71F9B-5D33-465A-A702-920D77279786}") = "Day3", "Libraries\Day3\Day3.fsproj", "{0016F1B6-B92F-4AC6-A498-7BAD9693D97B}"
EndProject
Project("{F2A71F9B-5D33-465A-A702-920D77279786}") = "Day3-Tests", "Tests\Day3-Tests\Day3-Tests.fsproj", "{BD1B1AE9-B76B-461B-B5DC-F73119C848CA}"
EndProject
Project("{F2A71F9B-5D33-465A-A702-920D77279786}") = "Day4", "Libraries\Day4\Day4.fsproj", "{BDD99335-0D4C-45FE-99E3-245B702333A8}"
EndProject
Project("{F2A71F9B-5D33-465A-A702-920D77279786}") = "Day4-Tests", "Tests\Day4-Tests\Day4-Tests.fsproj", "{C6437557-A324-45CE-BD37-DE159F3CE353}"
EndProject
Project("{F2A71F9B-5D33-465A-A702-920D77279786}") = "Day5", "Libraries\Day5\Day5.fsproj", "{45ECA52E-4FFB-4F7E-AAC9-C5265AC3764D}"
EndProject
Project("{F2A71F9B-5D33-465A-A702-920D77279786}") = "Day5-Tests", "Tests\Day5-Tests\Day5-Tests.fsproj", "{DF148D89-DE61-41C9-95AD-1E9DA7E9DB7A}"
EndProject
Project("{F2A71F9B-5D33-465A-A702-920D77279786}") = "Day6", "Libraries\Day6\Day6.fsproj", "{C4AFE3C5-65DF-4668-8936-1EF37077E321}"
EndProject
Project("{F2A71F9B-5D33-465A-A702-920D77279786}") = "Day6-Tests", "Tests\Day6-Tests\Day6-Tests.fsproj", "{D0064E76-EFFC-4E49-9E07-3ED91F206586}"
EndProject
Project("{F2A71F9B-5D33-465A-A702-920D77279786}") = "Day8", "Libraries\Day8\Day8.fsproj", "{6704DDAE-66DE-43BE-94AA-2824BCB95608}"
EndProject
Project("{F2A71F9B-5D33-465A-A702-920D77279786}") = "Day8-Tests", "Tests\Day8-Tests\Day8-Tests.fsproj", "{6B70EFE1-F6AA-42D9-831F-6EC8AA7FD25C}"
EndProject
Project("{F2A71F9B-5D33-465A-A702-920D77279786}") = "Day12", "Libraries\Day12\Day12.fsproj", "{F78475F8-2529-4E38-9EA6-E28B0EAA5724}"
EndProject
Project("{F2A71F9B-5D33-465A-A702-920D77279786}") = "Day12-Tests", "Tests\Day12-Tests\Day12-Tests.fsproj", "{CCFA6BD8-E78F-4C8B-B591-95E6E603AC2A}"
EndProject
Global
	GlobalSection(SolutionConfigurationPlatforms) = preSolution
		Debug|Any CPU = Debug|Any CPU
		Release|Any CPU = Release|Any CPU
	EndGlobalSection
	GlobalSection(ProjectConfigurationPlatforms) = postSolution
		{F491E6BB-FC08-4E76-9A5B-C4B7EDC97E6D}.Debug|Any CPU.ActiveCfg = Debug|Any CPU
		{F491E6BB-FC08-4E76-9A5B-C4B7EDC97E6D}.Debug|Any CPU.Build.0 = Debug|Any CPU
		{F491E6BB-FC08-4E76-9A5B-C4B7EDC97E6D}.Release|Any CPU.ActiveCfg = Release|Any CPU
		{F491E6BB-FC08-4E76-9A5B-C4B7EDC97E6D}.Release|Any CPU.Build.0 = Release|Any CPU
		{D3137203-9161-431E-8E54-8BC078370FE7}.Debug|Any CPU.ActiveCfg = Debug|Any CPU
		{D3137203-9161-431E-8E54-8BC078370FE7}.Debug|Any CPU.Build.0 = Debug|Any CPU
		{D3137203-9161-431E-8E54-8BC078370FE7}.Release|Any CPU.ActiveCfg = Release|Any CPU
		{D3137203-9161-431E-8E54-8BC078370FE7}.Release|Any CPU.Build.0 = Release|Any CPU
		{215ECF49-EE38-43BD-99FB-42A501B37912}.Debug|Any CPU.ActiveCfg = Debug|Any CPU
		{215ECF49-EE38-43BD-99FB-42A501B37912}.Debug|Any CPU.Build.0 = Debug|Any CPU
		{215ECF49-EE38-43BD-99FB-42A501B37912}.Release|Any CPU.ActiveCfg = Release|Any CPU
		{215ECF49-EE38-43BD-99FB-42A501B37912}.Release|Any CPU.Build.0 = Release|Any CPU
		{7250C989-1514-4D52-AF7A-7C50AABC8A51}.Debug|Any CPU.ActiveCfg = Debug|Any CPU
		{7250C989-1514-4D52-AF7A-7C50AABC8A51}.Debug|Any CPU.Build.0 = Debug|Any CPU
		{7250C989-1514-4D52-AF7A-7C50AABC8A51}.Release|Any CPU.ActiveCfg = Release|Any CPU
		{7250C989-1514-4D52-AF7A-7C50AABC8A51}.Release|Any CPU.Build.0 = Release|Any CPU
		{0016F1B6-B92F-4AC6-A498-7BAD9693D97B}.Debug|Any CPU.ActiveCfg = Debug|Any CPU
		{0016F1B6-B92F-4AC6-A498-7BAD9693D97B}.Debug|Any CPU.Build.0 = Debug|Any CPU
		{0016F1B6-B92F-4AC6-A498-7BAD9693D97B}.Release|Any CPU.ActiveCfg = Release|Any CPU
		{0016F1B6-B92F-4AC6-A498-7BAD9693D97B}.Release|Any CPU.Build.0 = Release|Any CPU
		{BD1B1AE9-B76B-461B-B5DC-F73119C848CA}.Debug|Any CPU.ActiveCfg = Debug|Any CPU
		{BD1B1AE9-B76B-461B-B5DC-F73119C848CA}.Debug|Any CPU.Build.0 = Debug|Any CPU
		{BD1B1AE9-B76B-461B-B5DC-F73119C848CA}.Release|Any CPU.ActiveCfg = Release|Any CPU
		{BD1B1AE9-B76B-461B-B5DC-F73119C848CA}.Release|Any CPU.Build.0 = Release|Any CPU
		{BDD99335-0D4C-45FE-99E3-245B702333A8}.Debug|Any CPU.ActiveCfg = Debug|Any CPU
		{BDD99335-0D4C-45FE-99E3-245B702333A8}.Debug|Any CPU.Build.0 = Debug|Any CPU
		{BDD99335-0D4C-45FE-99E3-245B702333A8}.Release|Any CPU.ActiveCfg = Release|Any CPU
		{BDD99335-0D4C-45FE-99E3-245B702333A8}.Release|Any CPU.Build.0 = Release|Any CPU
		{C6437557-A324-45CE-BD37-DE159F3CE353}.Debug|Any CPU.ActiveCfg = Debug|Any CPU
		{C6437557-A324-45CE-BD37-DE159F3CE353}.Debug|Any CPU.Build.0 = Debug|Any CPU
		{C6437557-A324-45CE-BD37-DE159F3CE353}.Release|Any CPU.ActiveCfg = Release|Any CPU
		{C6437557-A324-45CE-BD37-DE159F3CE353}.Release|Any CPU.Build.0 = Release|Any CPU
		{45ECA52E-4FFB-4F7E-AAC9-C5265AC3764D}.Debug|Any CPU.ActiveCfg = Debug|Any CPU
		{45ECA52E-4FFB-4F7E-AAC9-C5265AC3764D}.Debug|Any CPU.Build.0 = Debug|Any CPU
		{45ECA52E-4FFB-4F7E-AAC9-C5265AC3764D}.Release|Any CPU.ActiveCfg = Release|Any CPU
		{45ECA52E-4FFB-4F7E-AAC9-C5265AC3764D}.Release|Any CPU.Build.0 = Release|Any CPU
		{DF148D89-DE61-41C9-95AD-1E9DA7E9DB7A}.Debug|Any CPU.ActiveCfg = Debug|Any CPU
		{DF148D89-DE61-41C9-95AD-1E9DA7E9DB7A}.Debug|Any CPU.Build.0 = Debug|Any CPU
		{DF148D89-DE61-41C9-95AD-1E9DA7E9DB7A}.Release|Any CPU.ActiveCfg = Release|Any CPU
		{DF148D89-DE61-41C9-95AD-1E9DA7E9DB7A}.Release|Any CPU.Build.0 = Release|Any CPU
		{C4AFE3C5-65DF-4668-8936-1EF37077E321}.Debug|Any CPU.ActiveCfg = Debug|Any CPU
		{C4AFE3C5-65DF-4668-8936-1EF37077E321}.Debug|Any CPU.Build.0 = Debug|Any CPU
		{C4AFE3C5-65DF-4668-8936-1EF37077E321}.Release|Any CPU.ActiveCfg = Release|Any CPU
		{C4AFE3C5-65DF-4668-8936-1EF37077E321}.Release|Any CPU.Build.0 = Release|Any CPU
		{D0064E76-EFFC-4E49-9E07-3ED91F206586}.Debug|Any CPU.ActiveCfg = Debug|Any CPU
		{D0064E76-EFFC-4E49-9E07-3ED91F206586}.Debug|Any CPU.Build.0 = Debug|Any CPU
		{D0064E76-EFFC-4E49-9E07-3ED91F206586}.Release|Any CPU.ActiveCfg = Release|Any CPU
		{D0064E76-EFFC-4E49-9E07-3ED91F206586}.Release|Any CPU.Build.0 = Release|Any CPU
		{6704DDAE-66DE-43BE-94AA-2824BCB95608}.Debug|Any CPU.ActiveCfg = Debug|Any CPU
		{6704DDAE-66DE-43BE-94AA-2824BCB95608}.Debug|Any CPU.Build.0 = Debug|Any CPU
		{6704DDAE-66DE-43BE-94AA-2824BCB95608}.Release|Any CPU.ActiveCfg = Release|Any CPU
		{6704DDAE-66DE-43BE-94AA-2824BCB95608}.Release|Any CPU.Build.0 = Release|Any CPU
		{6B70EFE1-F6AA-42D9-831F-6EC8AA7FD25C}.Debug|Any CPU.ActiveCfg = Debug|Any CPU
		{6B70EFE1-F6AA-42D9-831F-6EC8AA7FD25C}.Debug|Any CPU.Build.0 = Debug|Any CPU
		{6B70EFE1-F6AA-42D9-831F-6EC8AA7FD25C}.Release|Any CPU.ActiveCfg = Release|Any CPU
		{6B70EFE1-F6AA-42D9-831F-6EC8AA7FD25C}.Release|Any CPU.Build.0 = Release|Any CPU
		{F78475F8-2529-4E38-9EA6-E28B0EAA5724}.Debug|Any CPU.ActiveCfg = Debug|Any CPU
		{F78475F8-2529-4E38-9EA6-E28B0EAA5724}.Debug|Any CPU.Build.0 = Debug|Any CPU
		{F78475F8-2529-4E38-9EA6-E28B0EAA5724}.Release|Any CPU.ActiveCfg = Release|Any CPU
		{F78475F8-2529-4E38-9EA6-E28B0EAA5724}.Release|Any CPU.Build.0 = Release|Any CPU
		{CCFA6BD8-E78F-4C8B-B591-95E6E603AC2A}.Debug|Any CPU.ActiveCfg = Debug|Any CPU
		{CCFA6BD8-E78F-4C8B-B591-95E6E603AC2A}.Debug|Any CPU.Build.0 = Debug|Any CPU
		{CCFA6BD8-E78F-4C8B-B591-95E6E603AC2A}.Release|Any CPU.ActiveCfg = Release|Any CPU
		{CCFA6BD8-E78F-4C8B-B591-95E6E603AC2A}.Release|Any CPU.Build.0 = Release|Any CPU
	EndGlobalSection
	GlobalSection(SolutionProperties) = preSolution
		HideSolutionNode = FALSE
	EndGlobalSection
	GlobalSection(NestedProjects) = preSolution
		{F491E6BB-FC08-4E76-9A5B-C4B7EDC97E6D} = {C5B23519-0BC3-4BC6-B8E4-D755E6244D76}
		{D3137203-9161-431E-8E54-8BC078370FE7} = {678157C9-16AE-4D0E-9FCA-05767084DD55}
		{215ECF49-EE38-43BD-99FB-42A501B37912} = {C5B23519-0BC3-4BC6-B8E4-D755E6244D76}
		{7250C989-1514-4D52-AF7A-7C50AABC8A51} = {678157C9-16AE-4D0E-9FCA-05767084DD55}
		{0016F1B6-B92F-4AC6-A498-7BAD9693D97B} = {C5B23519-0BC3-4BC6-B8E4-D755E6244D76}
		{BD1B1AE9-B76B-461B-B5DC-F73119C848CA} = {678157C9-16AE-4D0E-9FCA-05767084DD55}
		{BDD99335-0D4C-45FE-99E3-245B702333A8} = {C5B23519-0BC3-4BC6-B8E4-D755E6244D76}
		{C6437557-A324-45CE-BD37-DE159F3CE353} = {678157C9-16AE-4D0E-9FCA-05767084DD55}
		{45ECA52E-4FFB-4F7E-AAC9-C5265AC3764D} = {C5B23519-0BC3-4BC6-B8E4-D755E6244D76}
		{DF148D89-DE61-41C9-95AD-1E9DA7E9DB7A} = {678157C9-16AE-4D0E-9FCA-05767084DD55}
		{C4AFE3C5-65DF-4668-8936-1EF37077E321} = {C5B23519-0BC3-4BC6-B8E4-D755E6244D76}
		{D0064E76-EFFC-4E49-9E07-3ED91F206586} = {678157C9-16AE-4D0E-9FCA-05767084DD55}
		{6704DDAE-66DE-43BE-94AA-2824BCB95608} = {C5B23519-0BC3-4BC6-B8E4-D755E6244D76}
		{6B70EFE1-F6AA-42D9-831F-6EC8AA7FD25C} = {678157C9-16AE-4D0E-9FCA-05767084DD55}
		{F78475F8-2529-4E38-9EA6-E28B0EAA5724} = {C5B23519-0BC3-4BC6-B8E4-D755E6244D76}
		{CCFA6BD8-E78F-4C8B-B591-95E6E603AC2A} = {678157C9-16AE-4D0E-9FCA-05767084DD55}
	EndGlobalSection
EndGlobal
