
Microsoft Visual Studio Solution File, Format Version 12.00
# Visual Studio Version 17
VisualStudioVersion = 17.4.33213.308
MinimumVisualStudioVersion = 10.0.40219.1
Project("{F2A71F9B-5D33-465A-A702-920D77279786}") = "Day1", "Day1\Day1.fsproj", "{4E823F5A-4A8B-4843-8769-590FCB88EB81}"
EndProject
Project("{F2A71F9B-5D33-465A-A702-920D77279786}") = "Day2", "Day2\Day2.fsproj", "{AC297FEF-809D-4BFB-B849-09FDE3E3D75C}"
EndProject
Project("{F2A71F9B-5D33-465A-A702-920D77279786}") = "Day3", "Day3\Day3.fsproj", "{D5B06D89-E0DF-4EE6-ABDC-A621F87DDF20}"
EndProject
Project("{2150E333-8FDC-42A3-9474-1A3956D46DE8}") = "Solution Items", "Solution Items", "{C7983FF2-3E08-4DFB-A639-B02AC34A3B46}"
	ProjectSection(SolutionItems) = preProject
		Base.fs = Base.fs
	EndProjectSection
EndProject
Global
	GlobalSection(SolutionConfigurationPlatforms) = preSolution
		Debug|Any CPU = Debug|Any CPU
		Release|Any CPU = Release|Any CPU
	EndGlobalSection
	GlobalSection(ProjectConfigurationPlatforms) = postSolution
		{4E823F5A-4A8B-4843-8769-590FCB88EB81}.Debug|Any CPU.ActiveCfg = Debug|Any CPU
		{4E823F5A-4A8B-4843-8769-590FCB88EB81}.Debug|Any CPU.Build.0 = Debug|Any CPU
		{4E823F5A-4A8B-4843-8769-590FCB88EB81}.Release|Any CPU.ActiveCfg = Release|Any CPU
		{4E823F5A-4A8B-4843-8769-590FCB88EB81}.Release|Any CPU.Build.0 = Release|Any CPU
		{AC297FEF-809D-4BFB-B849-09FDE3E3D75C}.Debug|Any CPU.ActiveCfg = Debug|Any CPU
		{AC297FEF-809D-4BFB-B849-09FDE3E3D75C}.Debug|Any CPU.Build.0 = Debug|Any CPU
		{AC297FEF-809D-4BFB-B849-09FDE3E3D75C}.Release|Any CPU.ActiveCfg = Release|Any CPU
		{AC297FEF-809D-4BFB-B849-09FDE3E3D75C}.Release|Any CPU.Build.0 = Release|Any CPU
		{D5B06D89-E0DF-4EE6-ABDC-A621F87DDF20}.Debug|Any CPU.ActiveCfg = Debug|Any CPU
		{D5B06D89-E0DF-4EE6-ABDC-A621F87DDF20}.Debug|Any CPU.Build.0 = Debug|Any CPU
		{D5B06D89-E0DF-4EE6-ABDC-A621F87DDF20}.Release|Any CPU.ActiveCfg = Release|Any CPU
		{D5B06D89-E0DF-4EE6-ABDC-A621F87DDF20}.Release|Any CPU.Build.0 = Release|Any CPU
	EndGlobalSection
	GlobalSection(SolutionProperties) = preSolution
		HideSolutionNode = FALSE
	EndGlobalSection
	GlobalSection(ExtensibilityGlobals) = postSolution
		SolutionGuid = {0FD57595-8463-4B9B-846F-EA1CEDC444AC}
	EndGlobalSection
EndGlobal
