{
  "name": "typescript",
  "version": "1.0.0",
  "lockfileVersion": 3,
  "requires": true,
  "packages": {
    "": {
      "name": "typescript",
      "version": "1.0.0",
      "license": "ISC",
      "dependencies": {
        "fp-ts": "^2.16.11"
      }
    },
    "node_modules/fp-ts": {
      "version": "2.16.11",
      "resolved": "https://registry.npmjs.org/fp-ts/-/fp-ts-2.16.11.tgz",
      "integrity": "sha512-LaI+KaX2NFkfn1ZGHoKCmcfv7yrZsC3b8NtWsTVQeHkq4F27vI5igUuO53sxqDEa2gNQMHFPmpojDw/1zmUK7w==",
      "license": "MIT"
    }
  }
}
