
Microsoft Visual Studio Solution File, Format Version 12.00
# Visual Studio Version 17
VisualStudioVersion = 17.12.35707.178
MinimumVisualStudioVersion = 10.0.40219.1
Project("{F2A71F9B-5D33-465A-A702-920D77279786}") = "Day1", "Libraries\Day1\Day1.fsproj", "{688FDC8E-D6D9-4099-9382-83966785A761}"
EndProject
Project("{F2A71F9B-5D33-465A-A702-920D77279786}") = "Day1-Tests", "Tests\Day1-Tests\Day1-Tests.fsproj", "{84ECE676-88FE-4DA7-BA87-9C29BA0D3DA2}"
EndProject
Project("{2150E333-8FDC-42A3-9474-1A3956D46DE8}") = "Tests", "Tests", "{CC18B2B2-CA14-43ED-B3A6-62F5BCCA6C20}"
	ProjectSection(SolutionItems) = preProject
		BaseTests.txt = BaseTests.txt
	EndProjectSection
EndProject
Project("{2150E333-8FDC-42A3-9474-1A3956D46DE8}") = "Libraries", "Libraries", "{3774F0A3-284F-4B96-88E5-AEC9C28BFE8C}"
	ProjectSection(SolutionItems) = preProject
		Libraries\BaseProgram.txt = Libraries\BaseProgram.txt
	EndProjectSection
EndProject
Project("{F2A71F9B-5D33-465A-A702-920D77279786}") = "Day2", "Libraries\Day2\Day2.fsproj", "{3400C93C-96A5-4CA8-AAAF-E4CD9A891A89}"
EndProject
Project("{F2A71F9B-5D33-465A-A702-920D77279786}") = "Day2-Tests", "Tests\Day2-Tests\Day2-Tests.fsproj", "{17D22451-9F7F-4469-BDAE-E89DB5365E79}"
EndProject
Project("{F2A71F9B-5D33-465A-A702-920D77279786}") = "Day3", "Libraries\Day3\Day3.fsproj", "{F488CC94-B56D-487C-A15D-B4144C5EAF88}"
EndProject
Project("{F2A71F9B-5D33-465A-A702-920D77279786}") = "Day3-Tests", "Tests\Day3-Tests\Day3-Tests.fsproj", "{6B657663-BCFA-4E18-8648-0B9646AB3D6B}"
EndProject
Project("{F2A71F9B-5D33-465A-A702-920D77279786}") = "Day5", "Libraries\Day5\Day5.fsproj", "{5B5E61C7-4C75-4A87-8089-7835656C1047}"
EndProject
Project("{F2A71F9B-5D33-465A-A702-920D77279786}") = "Day5-Tests", "Tests\Day5-Tests\Day5-Tests.fsproj", "{F0E706D2-4614-4DA6-8A09-BF562B4845E5}"
EndProject
Project("{F2A71F9B-5D33-465A-A702-920D77279786}") = "Day6", "Libraries\Day6\Day6.fsproj", "{C9DC5DC3-0474-4740-865E-DED1C77467CE}"
EndProject
Project("{F2A71F9B-5D33-465A-A702-920D77279786}") = "Day6-Tests", "Tests\Day6-Tests\Day6-Tests.fsproj", "{D16FA2BF-7402-4D5D-8C2C-FF29BD546F37}"
EndProject
Project("{F2A71F9B-5D33-465A-A702-920D77279786}") = "Day7", "Libraries\Day7\Day7.fsproj", "{9D3CF692-CEF5-4AF4-B65B-66D76131B35F}"
EndProject
Project("{F2A71F9B-5D33-465A-A702-920D77279786}") = "Day7-Tests", "Tests\Day7-Tests\Day7-Tests.fsproj", "{202C7200-A458-4F21-96E2-0DDBFE0EDC43}"
EndProject
Project("{F2A71F9B-5D33-465A-A702-920D77279786}") = "Day9", "Libraries\Day9\Day9.fsproj", "{36D1D26B-B373-4EF4-8779-8A511F1091E4}"
EndProject
Project("{F2A71F9B-5D33-465A-A702-920D77279786}") = "Day9-Tests", "Tests\Day9-Tests\Day9-Tests.fsproj", "{B68F515F-0FEE-45FE-8C63-A6AFF840EB10}"
EndProject
Global
	GlobalSection(SolutionConfigurationPlatforms) = preSolution
		Debug|Any CPU = Debug|Any CPU
		Release|Any CPU = Release|Any CPU
	EndGlobalSection
	GlobalSection(ProjectConfigurationPlatforms) = postSolution
		{688FDC8E-D6D9-4099-9382-83966785A761}.Debug|Any CPU.ActiveCfg = Debug|Any CPU
		{688FDC8E-D6D9-4099-9382-83966785A761}.Debug|Any CPU.Build.0 = Debug|Any CPU
		{688FDC8E-D6D9-4099-9382-83966785A761}.Release|Any CPU.ActiveCfg = Release|Any CPU
		{688FDC8E-D6D9-4099-9382-83966785A761}.Release|Any CPU.Build.0 = Release|Any CPU
		{84ECE676-88FE-4DA7-BA87-9C29BA0D3DA2}.Debug|Any CPU.ActiveCfg = Debug|Any CPU
		{84ECE676-88FE-4DA7-BA87-9C29BA0D3DA2}.Debug|Any CPU.Build.0 = Debug|Any CPU
		{84ECE676-88FE-4DA7-BA87-9C29BA0D3DA2}.Release|Any CPU.ActiveCfg = Release|Any CPU
		{84ECE676-88FE-4DA7-BA87-9C29BA0D3DA2}.Release|Any CPU.Build.0 = Release|Any CPU
		{3400C93C-96A5-4CA8-AAAF-E4CD9A891A89}.Debug|Any CPU.ActiveCfg = Debug|Any CPU
		{3400C93C-96A5-4CA8-AAAF-E4CD9A891A89}.Debug|Any CPU.Build.0 = Debug|Any CPU
		{3400C93C-96A5-4CA8-AAAF-E4CD9A891A89}.Release|Any CPU.ActiveCfg = Release|Any CPU
		{3400C93C-96A5-4CA8-AAAF-E4CD9A891A89}.Release|Any CPU.Build.0 = Release|Any CPU
		{17D22451-9F7F-4469-BDAE-E89DB5365E79}.Debug|Any CPU.ActiveCfg = Debug|Any CPU
		{17D22451-9F7F-4469-BDAE-E89DB5365E79}.Debug|Any CPU.Build.0 = Debug|Any CPU
		{17D22451-9F7F-4469-BDAE-E89DB5365E79}.Release|Any CPU.ActiveCfg = Release|Any CPU
		{17D22451-9F7F-4469-BDAE-E89DB5365E79}.Release|Any CPU.Build.0 = Release|Any CPU
		{F488CC94-B56D-487C-A15D-B4144C5EAF88}.Debug|Any CPU.ActiveCfg = Debug|Any CPU
		{F488CC94-B56D-487C-A15D-B4144C5EAF88}.Debug|Any CPU.Build.0 = Debug|Any CPU
		{F488CC94-B56D-487C-A15D-B4144C5EAF88}.Release|Any CPU.ActiveCfg = Release|Any CPU
		{F488CC94-B56D-487C-A15D-B4144C5EAF88}.Release|Any CPU.Build.0 = Release|Any CPU
		{6B657663-BCFA-4E18-8648-0B9646AB3D6B}.Debug|Any CPU.ActiveCfg = Debug|Any CPU
		{6B657663-BCFA-4E18-8648-0B9646AB3D6B}.Debug|Any CPU.Build.0 = Debug|Any CPU
		{6B657663-BCFA-4E18-8648-0B9646AB3D6B}.Release|Any CPU.ActiveCfg = Release|Any CPU
		{6B657663-BCFA-4E18-8648-0B9646AB3D6B}.Release|Any CPU.Build.0 = Release|Any CPU
		{5B5E61C7-4C75-4A87-8089-7835656C1047}.Debug|Any CPU.ActiveCfg = Debug|Any CPU
		{5B5E61C7-4C75-4A87-8089-7835656C1047}.Debug|Any CPU.Build.0 = Debug|Any CPU
		{5B5E61C7-4C75-4A87-8089-7835656C1047}.Release|Any CPU.ActiveCfg = Release|Any CPU
		{5B5E61C7-4C75-4A87-8089-7835656C1047}.Release|Any CPU.Build.0 = Release|Any CPU
		{F0E706D2-4614-4DA6-8A09-BF562B4845E5}.Debug|Any CPU.ActiveCfg = Debug|Any CPU
		{F0E706D2-4614-4DA6-8A09-BF562B4845E5}.Debug|Any CPU.Build.0 = Debug|Any CPU
		{F0E706D2-4614-4DA6-8A09-BF562B4845E5}.Release|Any CPU.ActiveCfg = Release|Any CPU
		{F0E706D2-4614-4DA6-8A09-BF562B4845E5}.Release|Any CPU.Build.0 = Release|Any CPU
		{C9DC5DC3-0474-4740-865E-DED1C77467CE}.Debug|Any CPU.ActiveCfg = Debug|Any CPU
		{C9DC5DC3-0474-4740-865E-DED1C77467CE}.Debug|Any CPU.Build.0 = Debug|Any CPU
		{C9DC5DC3-0474-4740-865E-DED1C77467CE}.Release|Any CPU.ActiveCfg = Release|Any CPU
		{C9DC5DC3-0474-4740-865E-DED1C77467CE}.Release|Any CPU.Build.0 = Release|Any CPU
		{D16FA2BF-7402-4D5D-8C2C-FF29BD546F37}.Debug|Any CPU.ActiveCfg = Debug|Any CPU
		{D16FA2BF-7402-4D5D-8C2C-FF29BD546F37}.Debug|Any CPU.Build.0 = Debug|Any CPU
		{D16FA2BF-7402-4D5D-8C2C-FF29BD546F37}.Release|Any CPU.ActiveCfg = Release|Any CPU
		{D16FA2BF-7402-4D5D-8C2C-FF29BD546F37}.Release|Any CPU.Build.0 = Release|Any CPU
		{9D3CF692-CEF5-4AF4-B65B-66D76131B35F}.Debug|Any CPU.ActiveCfg = Debug|Any CPU
		{9D3CF692-CEF5-4AF4-B65B-66D76131B35F}.Debug|Any CPU.Build.0 = Debug|Any CPU
		{9D3CF692-CEF5-4AF4-B65B-66D76131B35F}.Release|Any CPU.ActiveCfg = Release|Any CPU
		{9D3CF692-CEF5-4AF4-B65B-66D76131B35F}.Release|Any CPU.Build.0 = Release|Any CPU
		{202C7200-A458-4F21-96E2-0DDBFE0EDC43}.Debug|Any CPU.ActiveCfg = Debug|Any CPU
		{202C7200-A458-4F21-96E2-0DDBFE0EDC43}.Debug|Any CPU.Build.0 = Debug|Any CPU
		{202C7200-A458-4F21-96E2-0DDBFE0EDC43}.Release|Any CPU.ActiveCfg = Release|Any CPU
		{202C7200-A458-4F21-96E2-0DDBFE0EDC43}.Release|Any CPU.Build.0 = Release|Any CPU
		{36D1D26B-B373-4EF4-8779-8A511F1091E4}.Debug|Any CPU.ActiveCfg = Debug|Any CPU
		{36D1D26B-B373-4EF4-8779-8A511F1091E4}.Debug|Any CPU.Build.0 = Debug|Any CPU
		{36D1D26B-B373-4EF4-8779-8A511F1091E4}.Release|Any CPU.ActiveCfg = Release|Any CPU
		{36D1D26B-B373-4EF4-8779-8A511F1091E4}.Release|Any CPU.Build.0 = Release|Any CPU
		{B68F515F-0FEE-45FE-8C63-A6AFF840EB10}.Debug|Any CPU.ActiveCfg = Debug|Any CPU
		{B68F515F-0FEE-45FE-8C63-A6AFF840EB10}.Debug|Any CPU.Build.0 = Debug|Any CPU
		{B68F515F-0FEE-45FE-8C63-A6AFF840EB10}.Release|Any CPU.ActiveCfg = Release|Any CPU
		{B68F515F-0FEE-45FE-8C63-A6AFF840EB10}.Release|Any CPU.Build.0 = Release|Any CPU
	EndGlobalSection
	GlobalSection(SolutionProperties) = preSolution
		HideSolutionNode = FALSE
	EndGlobalSection
	GlobalSection(NestedProjects) = preSolution
		{688FDC8E-D6D9-4099-9382-83966785A761} = {3774F0A3-284F-4B96-88E5-AEC9C28BFE8C}
		{84ECE676-88FE-4DA7-BA87-9C29BA0D3DA2} = {CC18B2B2-CA14-43ED-B3A6-62F5BCCA6C20}
		{3400C93C-96A5-4CA8-AAAF-E4CD9A891A89} = {3774F0A3-284F-4B96-88E5-AEC9C28BFE8C}
		{17D22451-9F7F-4469-BDAE-E89DB5365E79} = {CC18B2B2-CA14-43ED-B3A6-62F5BCCA6C20}
		{F488CC94-B56D-487C-A15D-B4144C5EAF88} = {3774F0A3-284F-4B96-88E5-AEC9C28BFE8C}
		{6B657663-BCFA-4E18-8648-0B9646AB3D6B} = {CC18B2B2-CA14-43ED-B3A6-62F5BCCA6C20}
		{5B5E61C7-4C75-4A87-8089-7835656C1047} = {3774F0A3-284F-4B96-88E5-AEC9C28BFE8C}
		{F0E706D2-4614-4DA6-8A09-BF562B4845E5} = {CC18B2B2-CA14-43ED-B3A6-62F5BCCA6C20}
		{C9DC5DC3-0474-4740-865E-DED1C77467CE} = {3774F0A3-284F-4B96-88E5-AEC9C28BFE8C}
		{D16FA2BF-7402-4D5D-8C2C-FF29BD546F37} = {CC18B2B2-CA14-43ED-B3A6-62F5BCCA6C20}
		{9D3CF692-CEF5-4AF4-B65B-66D76131B35F} = {3774F0A3-284F-4B96-88E5-AEC9C28BFE8C}
		{202C7200-A458-4F21-96E2-0DDBFE0EDC43} = {CC18B2B2-CA14-43ED-B3A6-62F5BCCA6C20}
		{36D1D26B-B373-4EF4-8779-8A511F1091E4} = {3774F0A3-284F-4B96-88E5-AEC9C28BFE8C}
		{B68F515F-0FEE-45FE-8C63-A6AFF840EB10} = {CC18B2B2-CA14-43ED-B3A6-62F5BCCA6C20}
	EndGlobalSection
EndGlobal
