
Microsoft Visual Studio Solution File, Format Version 12.00
# Visual Studio Version 17
VisualStudioVersion = 17.4.33205.214
MinimumVisualStudioVersion = 10.0.40219.1
Project("{6EC3EE1D-3C4E-46DD-8F32-0CC8E7565705}") = "Day1", "Day1\Day1.fsproj", "{A85FFE37-D2F2-4C14-8C99-908FE1271302}"
EndProject
Project("{6EC3EE1D-3C4E-46DD-8F32-0CC8E7565705}") = "Day2", "Day2\Day2.fsproj", "{A84B8700-ADA5-45A0-AF59-11AAE6D045F1}"
EndProject
Project("{6EC3EE1D-3C4E-46DD-8F32-0CC8E7565705}") = "Day3", "Day3\Day3.fsproj", "{854B3540-006A-4790-A99B-45A393644E41}"
EndProject
Project("{6EC3EE1D-3C4E-46DD-8F32-0CC8E7565705}") = "Day4", "Day4\Day4.fsproj", "{42C277E0-664D-4D9D-9DB2-515C8E4722AB}"
EndProject
Project("{6EC3EE1D-3C4E-46DD-8F32-0CC8E7565705}") = "Day5", "Day5\Day5.fsproj", "{307A03BF-8D7E-48F7-BF3B-9047D03A37F3}"
EndProject
Project("{6EC3EE1D-3C4E-46DD-8F32-0CC8E7565705}") = "Day6", "Day6\Day6.fsproj", "{F273BD8D-D268-431E-B7A7-B0220A0ED8E7}"
EndProject
Project("{6EC3EE1D-3C4E-46DD-8F32-0CC8E7565705}") = "Day7", "Day7\Day7.fsproj", "{73C8EA05-41FA-4128-94AD-7AE68FE07185}"
EndProject
Project("{6EC3EE1D-3C4E-46DD-8F32-0CC8E7565705}") = "Day8", "Day8\Day8.fsproj", "{5EBA7908-C556-4F02-9A53-6ADE0E98748C}"
EndProject
Project("{6EC3EE1D-3C4E-46DD-8F32-0CC8E7565705}") = "Day9", "Day9\Day9.fsproj", "{B65EEADE-7F55-4E2F-8F83-CFE61F5894B7}"
EndProject
Project("{6EC3EE1D-3C4E-46DD-8F32-0CC8E7565705}") = "Day10", "Day10\Day10.fsproj", "{BF709466-5148-46F3-B1FB-8820DB91ABE9}"
EndProject
Project("{2150E333-8FDC-42A3-9474-1A3956D46DE8}") = "Solution Items", "Solution Items", "{B276BD30-3CC9-4344-965C-C9747CC12F23}"
	ProjectSection(SolutionItems) = preProject
		BaseProgram.txt = BaseProgram.txt
	EndProjectSection
EndProject
Project("{6EC3EE1D-3C4E-46DD-8F32-0CC8E7565705}") = "Day11", "Day11\Day11.fsproj", "{35CBC100-C8C0-4224-9446-BCBDB2DD4DC9}"
EndProject
Project("{6EC3EE1D-3C4E-46DD-8F32-0CC8E7565705}") = "Day12", "Day12\Day12.fsproj", "{1F072A64-DBB2-4030-9F2F-143DBFA2CA69}"
EndProject
Project("{F2A71F9B-5D33-465A-A702-920D77279786}") = "Day13", "Day13\Day13.fsproj", "{3822F40A-0EBC-46B7-8CCE-2A3A9DFCEADE}"
EndProject
Global
	GlobalSection(SolutionConfigurationPlatforms) = preSolution
		Debug|Any CPU = Debug|Any CPU
		Release|Any CPU = Release|Any CPU
	EndGlobalSection
	GlobalSection(ProjectConfigurationPlatforms) = postSolution
		{A85FFE37-D2F2-4C14-8C99-908FE1271302}.Debug|Any CPU.ActiveCfg = Debug|Any CPU
		{A85FFE37-D2F2-4C14-8C99-908FE1271302}.Debug|Any CPU.Build.0 = Debug|Any CPU
		{A85FFE37-D2F2-4C14-8C99-908FE1271302}.Release|Any CPU.ActiveCfg = Release|Any CPU
		{A85FFE37-D2F2-4C14-8C99-908FE1271302}.Release|Any CPU.Build.0 = Release|Any CPU
		{A84B8700-ADA5-45A0-AF59-11AAE6D045F1}.Debug|Any CPU.ActiveCfg = Debug|Any CPU
		{A84B8700-ADA5-45A0-AF59-11AAE6D045F1}.Debug|Any CPU.Build.0 = Debug|Any CPU
		{A84B8700-ADA5-45A0-AF59-11AAE6D045F1}.Release|Any CPU.ActiveCfg = Release|Any CPU
		{A84B8700-ADA5-45A0-AF59-11AAE6D045F1}.Release|Any CPU.Build.0 = Release|Any CPU
		{854B3540-006A-4790-A99B-45A393644E41}.Debug|Any CPU.ActiveCfg = Debug|Any CPU
		{854B3540-006A-4790-A99B-45A393644E41}.Debug|Any CPU.Build.0 = Debug|Any CPU
		{854B3540-006A-4790-A99B-45A393644E41}.Release|Any CPU.ActiveCfg = Release|Any CPU
		{854B3540-006A-4790-A99B-45A393644E41}.Release|Any CPU.Build.0 = Release|Any CPU
		{42C277E0-664D-4D9D-9DB2-515C8E4722AB}.Debug|Any CPU.ActiveCfg = Debug|Any CPU
		{42C277E0-664D-4D9D-9DB2-515C8E4722AB}.Debug|Any CPU.Build.0 = Debug|Any CPU
		{42C277E0-664D-4D9D-9DB2-515C8E4722AB}.Release|Any CPU.ActiveCfg = Release|Any CPU
		{42C277E0-664D-4D9D-9DB2-515C8E4722AB}.Release|Any CPU.Build.0 = Release|Any CPU
		{307A03BF-8D7E-48F7-BF3B-9047D03A37F3}.Debug|Any CPU.ActiveCfg = Debug|Any CPU
		{307A03BF-8D7E-48F7-BF3B-9047D03A37F3}.Debug|Any CPU.Build.0 = Debug|Any CPU
		{307A03BF-8D7E-48F7-BF3B-9047D03A37F3}.Release|Any CPU.ActiveCfg = Release|Any CPU
		{307A03BF-8D7E-48F7-BF3B-9047D03A37F3}.Release|Any CPU.Build.0 = Release|Any CPU
		{F273BD8D-D268-431E-B7A7-B0220A0ED8E7}.Debug|Any CPU.ActiveCfg = Debug|Any CPU
		{F273BD8D-D268-431E-B7A7-B0220A0ED8E7}.Debug|Any CPU.Build.0 = Debug|Any CPU
		{F273BD8D-D268-431E-B7A7-B0220A0ED8E7}.Release|Any CPU.ActiveCfg = Release|Any CPU
		{F273BD8D-D268-431E-B7A7-B0220A0ED8E7}.Release|Any CPU.Build.0 = Release|Any CPU
		{73C8EA05-41FA-4128-94AD-7AE68FE07185}.Debug|Any CPU.ActiveCfg = Debug|Any CPU
		{73C8EA05-41FA-4128-94AD-7AE68FE07185}.Debug|Any CPU.Build.0 = Debug|Any CPU
		{73C8EA05-41FA-4128-94AD-7AE68FE07185}.Release|Any CPU.ActiveCfg = Release|Any CPU
		{73C8EA05-41FA-4128-94AD-7AE68FE07185}.Release|Any CPU.Build.0 = Release|Any CPU
		{5EBA7908-C556-4F02-9A53-6ADE0E98748C}.Debug|Any CPU.ActiveCfg = Debug|Any CPU
		{5EBA7908-C556-4F02-9A53-6ADE0E98748C}.Debug|Any CPU.Build.0 = Debug|Any CPU
		{5EBA7908-C556-4F02-9A53-6ADE0E98748C}.Release|Any CPU.ActiveCfg = Release|Any CPU
		{5EBA7908-C556-4F02-9A53-6ADE0E98748C}.Release|Any CPU.Build.0 = Release|Any CPU
		{B65EEADE-7F55-4E2F-8F83-CFE61F5894B7}.Debug|Any CPU.ActiveCfg = Debug|Any CPU
		{B65EEADE-7F55-4E2F-8F83-CFE61F5894B7}.Debug|Any CPU.Build.0 = Debug|Any CPU
		{B65EEADE-7F55-4E2F-8F83-CFE61F5894B7}.Release|Any CPU.ActiveCfg = Release|Any CPU
		{B65EEADE-7F55-4E2F-8F83-CFE61F5894B7}.Release|Any CPU.Build.0 = Release|Any CPU
		{BF709466-5148-46F3-B1FB-8820DB91ABE9}.Debug|Any CPU.ActiveCfg = Debug|Any CPU
		{BF709466-5148-46F3-B1FB-8820DB91ABE9}.Debug|Any CPU.Build.0 = Debug|Any CPU
		{BF709466-5148-46F3-B1FB-8820DB91ABE9}.Release|Any CPU.ActiveCfg = Release|Any CPU
		{BF709466-5148-46F3-B1FB-8820DB91ABE9}.Release|Any CPU.Build.0 = Release|Any CPU
		{35CBC100-C8C0-4224-9446-BCBDB2DD4DC9}.Debug|Any CPU.ActiveCfg = Debug|Any CPU
		{35CBC100-C8C0-4224-9446-BCBDB2DD4DC9}.Debug|Any CPU.Build.0 = Debug|Any CPU
		{35CBC100-C8C0-4224-9446-BCBDB2DD4DC9}.Release|Any CPU.ActiveCfg = Release|Any CPU
		{35CBC100-C8C0-4224-9446-BCBDB2DD4DC9}.Release|Any CPU.Build.0 = Release|Any CPU
		{1F072A64-DBB2-4030-9F2F-143DBFA2CA69}.Debug|Any CPU.ActiveCfg = Debug|Any CPU
		{1F072A64-DBB2-4030-9F2F-143DBFA2CA69}.Debug|Any CPU.Build.0 = Debug|Any CPU
		{1F072A64-DBB2-4030-9F2F-143DBFA2CA69}.Release|Any CPU.ActiveCfg = Release|Any CPU
		{1F072A64-DBB2-4030-9F2F-143DBFA2CA69}.Release|Any CPU.Build.0 = Release|Any CPU
		{3822F40A-0EBC-46B7-8CCE-2A3A9DFCEADE}.Debug|Any CPU.ActiveCfg = Debug|Any CPU
		{3822F40A-0EBC-46B7-8CCE-2A3A9DFCEADE}.Debug|Any CPU.Build.0 = Debug|Any CPU
		{3822F40A-0EBC-46B7-8CCE-2A3A9DFCEADE}.Release|Any CPU.ActiveCfg = Release|Any CPU
		{3822F40A-0EBC-46B7-8CCE-2A3A9DFCEADE}.Release|Any CPU.Build.0 = Release|Any CPU
	EndGlobalSection
	GlobalSection(SolutionProperties) = preSolution
		HideSolutionNode = FALSE
	EndGlobalSection
	GlobalSection(ExtensibilityGlobals) = postSolution
		SolutionGuid = {FCE8D4E0-D421-4302-BE22-1CC5F8B53B91}
	EndGlobalSection
EndGlobal
