
Microsoft Visual Studio Solution File, Format Version 12.00
# Visual Studio Version 17
VisualStudioVersion = 17.12.35707.178
MinimumVisualStudioVersion = 10.0.40219.1
Project("{2150E333-8FDC-42A3-9474-1A3956D46DE8}") = "Tests", "Tests", "{3697305E-F091-4BB6-A833-950A39F683B5}"
	ProjectSection(SolutionItems) = preProject
		Tests\BaseTests.txt = Tests\BaseTests.txt
	EndProjectSection
EndProject
Project("{2150E333-8FDC-42A3-9474-1A3956D46DE8}") = "Solution Items", "Solution Items", "{F4E6C2B4-9F99-4DED-943A-5ECB95F02A68}"
	ProjectSection(SolutionItems) = preProject
		BaseProgram.txt = BaseProgram.txt
	EndProjectSection
EndProject
Project("{F2A71F9B-5D33-465A-A702-920D77279786}") = "Day1-Tests", "Tests\Day1-Tests\Day1-Tests.fsproj", "{053CDADD-4BE0-44AF-A31A-8583044EC2C8}"
EndProject
Project("{F2A71F9B-5D33-465A-A702-920D77279786}") = "Day2", "Day2\Day2.fsproj", "{57070998-43C9-4E65-B311-BAEE8BB0995E}"
EndProject
Project("{F2A71F9B-5D33-465A-A702-920D77279786}") = "Day1", "Day1\Day1.fsproj", "{E71A5248-09C4-4551-B6CE-A06F5A2D64BB}"
EndProject
Project("{F2A71F9B-5D33-465A-A702-920D77279786}") = "Day2-Tests", "Day2-Tests\Day2-Tests.fsproj", "{BFE51251-286C-4A59-8794-D1495DB1E6AE}"
EndProject
Project("{F2A71F9B-5D33-465A-A702-920D77279786}") = "Day3", "Day3\Day3.fsproj", "{5D89469F-E353-4D90-BD3F-2A564B865FD8}"
EndProject
Project("{F2A71F9B-5D33-465A-A702-920D77279786}") = "Day3-Tests", "Day3-Tests\Day3-Tests.fsproj", "{0568A71F-7F72-48B6-B195-6AE9E41EA202}"
EndProject
Project("{F2A71F9B-5D33-465A-A702-920D77279786}") = "Day4", "Day4\Day4.fsproj", "{6A439D8E-5486-4097-A23B-6A15DAC521A7}"
EndProject
Project("{F2A71F9B-5D33-465A-A702-920D77279786}") = "Day4-Tests", "Day4-Tests\Day4-Tests.fsproj", "{BB0FA2D7-3B34-406A-9BB5-52569DB9E70B}"
EndProject
Global
	GlobalSection(SolutionConfigurationPlatforms) = preSolution
		Debug|Any CPU = Debug|Any CPU
		Release|Any CPU = Release|Any CPU
	EndGlobalSection
	GlobalSection(ProjectConfigurationPlatforms) = postSolution
		{053CDADD-4BE0-44AF-A31A-8583044EC2C8}.Debug|Any CPU.ActiveCfg = Debug|Any CPU
		{053CDADD-4BE0-44AF-A31A-8583044EC2C8}.Debug|Any CPU.Build.0 = Debug|Any CPU
		{053CDADD-4BE0-44AF-A31A-8583044EC2C8}.Release|Any CPU.ActiveCfg = Release|Any CPU
		{053CDADD-4BE0-44AF-A31A-8583044EC2C8}.Release|Any CPU.Build.0 = Release|Any CPU
		{57070998-43C9-4E65-B311-BAEE8BB0995E}.Debug|Any CPU.ActiveCfg = Debug|Any CPU
		{57070998-43C9-4E65-B311-BAEE8BB0995E}.Debug|Any CPU.Build.0 = Debug|Any CPU
		{57070998-43C9-4E65-B311-BAEE8BB0995E}.Release|Any CPU.ActiveCfg = Release|Any CPU
		{57070998-43C9-4E65-B311-BAEE8BB0995E}.Release|Any CPU.Build.0 = Release|Any CPU
		{E71A5248-09C4-4551-B6CE-A06F5A2D64BB}.Debug|Any CPU.ActiveCfg = Debug|Any CPU
		{E71A5248-09C4-4551-B6CE-A06F5A2D64BB}.Debug|Any CPU.Build.0 = Debug|Any CPU
		{E71A5248-09C4-4551-B6CE-A06F5A2D64BB}.Release|Any CPU.ActiveCfg = Release|Any CPU
		{E71A5248-09C4-4551-B6CE-A06F5A2D64BB}.Release|Any CPU.Build.0 = Release|Any CPU
		{BFE51251-286C-4A59-8794-D1495DB1E6AE}.Debug|Any CPU.ActiveCfg = Debug|Any CPU
		{BFE51251-286C-4A59-8794-D1495DB1E6AE}.Debug|Any CPU.Build.0 = Debug|Any CPU
		{BFE51251-286C-4A59-8794-D1495DB1E6AE}.Release|Any CPU.ActiveCfg = Release|Any CPU
		{BFE51251-286C-4A59-8794-D1495DB1E6AE}.Release|Any CPU.Build.0 = Release|Any CPU
		{5D89469F-E353-4D90-BD3F-2A564B865FD8}.Debug|Any CPU.ActiveCfg = Debug|Any CPU
		{5D89469F-E353-4D90-BD3F-2A564B865FD8}.Debug|Any CPU.Build.0 = Debug|Any CPU
		{5D89469F-E353-4D90-BD3F-2A564B865FD8}.Release|Any CPU.ActiveCfg = Release|Any CPU
		{5D89469F-E353-4D90-BD3F-2A564B865FD8}.Release|Any CPU.Build.0 = Release|Any CPU
		{0568A71F-7F72-48B6-B195-6AE9E41EA202}.Debug|Any CPU.ActiveCfg = Debug|Any CPU
		{0568A71F-7F72-48B6-B195-6AE9E41EA202}.Debug|Any CPU.Build.0 = Debug|Any CPU
		{0568A71F-7F72-48B6-B195-6AE9E41EA202}.Release|Any CPU.ActiveCfg = Release|Any CPU
		{0568A71F-7F72-48B6-B195-6AE9E41EA202}.Release|Any CPU.Build.0 = Release|Any CPU
		{6A439D8E-5486-4097-A23B-6A15DAC521A7}.Debug|Any CPU.ActiveCfg = Debug|Any CPU
		{6A439D8E-5486-4097-A23B-6A15DAC521A7}.Debug|Any CPU.Build.0 = Debug|Any CPU
		{6A439D8E-5486-4097-A23B-6A15DAC521A7}.Release|Any CPU.ActiveCfg = Release|Any CPU
		{6A439D8E-5486-4097-A23B-6A15DAC521A7}.Release|Any CPU.Build.0 = Release|Any CPU
		{BB0FA2D7-3B34-406A-9BB5-52569DB9E70B}.Debug|Any CPU.ActiveCfg = Debug|Any CPU
		{BB0FA2D7-3B34-406A-9BB5-52569DB9E70B}.Debug|Any CPU.Build.0 = Debug|Any CPU
		{BB0FA2D7-3B34-406A-9BB5-52569DB9E70B}.Release|Any CPU.ActiveCfg = Release|Any CPU
		{BB0FA2D7-3B34-406A-9BB5-52569DB9E70B}.Release|Any CPU.Build.0 = Release|Any CPU
	EndGlobalSection
	GlobalSection(SolutionProperties) = preSolution
		HideSolutionNode = FALSE
	EndGlobalSection
	GlobalSection(NestedProjects) = preSolution
		{053CDADD-4BE0-44AF-A31A-8583044EC2C8} = {3697305E-F091-4BB6-A833-950A39F683B5}
		{BFE51251-286C-4A59-8794-D1495DB1E6AE} = {3697305E-F091-4BB6-A833-950A39F683B5}
		{0568A71F-7F72-48B6-B195-6AE9E41EA202} = {3697305E-F091-4BB6-A833-950A39F683B5}
		{BB0FA2D7-3B34-406A-9BB5-52569DB9E70B} = {3697305E-F091-4BB6-A833-950A39F683B5}
	EndGlobalSection
EndGlobal
