
Microsoft Visual Studio Solution File, Format Version 12.00
# Visual Studio Version 17
VisualStudioVersion = 17.12.35707.178
MinimumVisualStudioVersion = 10.0.40219.1
Project("{2150E333-8FDC-42A3-9474-1A3956D46DE8}") = "Tests", "Tests", "{3697305E-F091-4BB6-A833-950A39F683B5}"
	ProjectSection(SolutionItems) = preProject
		Tests\BaseTests.txt = Tests\BaseTests.txt
	EndProjectSection
EndProject
Project("{2150E333-8FDC-42A3-9474-1A3956D46DE8}") = "Solution Items", "Solution Items", "{F4E6C2B4-9F99-4DED-943A-5ECB95F02A68}"
	ProjectSection(SolutionItems) = preProject
		BaseProgram.txt = BaseProgram.txt
	EndProjectSection
EndProject
Project("{F2A71F9B-5D33-465A-A702-920D77279786}") = "Day1-Tests", "Tests\Day1-Tests\Day1-Tests.fsproj", "{053CDADD-4BE0-44AF-A31A-8583044EC2C8}"
EndProject
Project("{F2A71F9B-5D33-465A-A702-920D77279786}") = "Day2", "Day2\Day2.fsproj", "{57070998-43C9-4E65-B311-BAEE8BB0995E}"
EndProject
Project("{F2A71F9B-5D33-465A-A702-920D77279786}") = "Day1", "Day1\Day1.fsproj", "{E71A5248-09C4-4551-B6CE-A06F5A2D64BB}"
EndProject
Project("{F2A71F9B-5D33-465A-A702-920D77279786}") = "Day3", "Day3\Day3.fsproj", "{5D89469F-E353-4D90-BD3F-2A564B865FD8}"
EndProject
Project("{F2A71F9B-5D33-465A-A702-920D77279786}") = "Day4", "Day4\Day4.fsproj", "{6A439D8E-5486-4097-A23B-6A15DAC521A7}"
EndProject
Project("{F2A71F9B-5D33-465A-A702-920D77279786}") = "Day5", "Day5\Day5.fsproj", "{0A08204B-836F-408B-9FB4-92856661863B}"
EndProject
Project("{F2A71F9B-5D33-465A-A702-920D77279786}") = "Day6", "Day6\Day6.fsproj", "{438896B5-9F41-4D07-9839-437B00A0C795}"
EndProject
Project("{F2A71F9B-5D33-465A-A702-920D77279786}") = "Day7", "Day7\Day7.fsproj", "{B2FB8952-686C-457E-9FDA-0F02588DEAE0}"
EndProject
Project("{F2A71F9B-5D33-465A-A702-920D77279786}") = "Day2-Tests", "Tests\Day2-Tests\Day2-Tests.fsproj", "{954E26C7-0B3B-40C7-9316-BAE7E64F04EE}"
EndProject
Project("{F2A71F9B-5D33-465A-A702-920D77279786}") = "Day3-Tests", "Tests\Day3-Tests\Day3-Tests.fsproj", "{FDA13819-FBFD-43C9-ADB1-01559C851623}"
EndProject
Project("{F2A71F9B-5D33-465A-A702-920D77279786}") = "Day4-Tests", "Tests\Day4-Tests\Day4-Tests.fsproj", "{EF514D97-A59B-4A0D-A54E-524790A5916A}"
EndProject
Project("{F2A71F9B-5D33-465A-A702-920D77279786}") = "Day5-Tests", "Tests\Day5-Tests\Day5-Tests.fsproj", "{DA03FAF5-3843-4BC2-AA0A-870DCC6A0ED6}"
EndProject
Project("{F2A71F9B-5D33-465A-A702-920D77279786}") = "Day6-Tests", "Tests\Day6-Tests\Day6-Tests.fsproj", "{94F1618E-2209-424E-8548-D412FFFC2F9A}"
EndProject
Project("{F2A71F9B-5D33-465A-A702-920D77279786}") = "Day7-Tests", "Tests\Day7-Tests\Day7-Tests.fsproj", "{BA60D5DF-4304-4F06-84E7-1B1CFA4B156D}"
EndProject
Project("{F2A71F9B-5D33-465A-A702-920D77279786}") = "Day8", "Day8\Day8.fsproj", "{7FBCE274-4AE0-4CC8-B0E9-57BB74B21DCA}"
EndProject
Project("{F2A71F9B-5D33-465A-A702-920D77279786}") = "Day8-Tests", "Tests\Day8-Tests\Day8-Tests.fsproj", "{868E3E78-46F3-431E-B0B8-32A5C00F4C26}"
EndProject
Project("{F2A71F9B-5D33-465A-A702-920D77279786}") = "Day10", "Day10\Day10.fsproj", "{ECD97084-D539-4A73-85F8-4E17DA0B81FC}"
EndProject
Project("{F2A71F9B-5D33-465A-A702-920D77279786}") = "Day10-Tests", "Tests\Day10-Tests\Day10-Tests.fsproj", "{9C99FB0A-9D43-4A1F-820B-907125235848}"
EndProject
Project("{F2A71F9B-5D33-465A-A702-920D77279786}") = "Day11", "Day11\Day11.fsproj", "{E2743FC6-AC8F-495E-A9BA-E804B29EA201}"
EndProject
Project("{F2A71F9B-5D33-465A-A702-920D77279786}") = "Day11-Tests", "Tests\Day11-Tests\Day11-Tests.fsproj", "{C795BEA4-1959-4F4D-959E-DA2BA43654E0}"
EndProject
Project("{F2A71F9B-5D33-465A-A702-920D77279786}") = "Day15", "Day15\Day15.fsproj", "{5FBB23F3-C9FA-4509-9A7F-9AFD0E768A88}"
EndProject
Project("{F2A71F9B-5D33-465A-A702-920D77279786}") = "Day15-Tests", "Tests\Day15-Tests\Day15-Tests.fsproj", "{144A5B12-BB36-4184-9E0A-3D3D0007E47F}"
EndProject
Project("{F2A71F9B-5D33-465A-A702-920D77279786}") = "Day16", "Day16\Day16.fsproj", "{8EA81AC7-F020-43E8-BFB4-D38ACEBCF1B3}"
EndProject
Project("{F2A71F9B-5D33-465A-A702-920D77279786}") = "Day16-Tests", "Tests\Day16-Tests\Day16-Tests.fsproj", "{E2CBF2D6-5BB2-4311-A4D5-DE5ABE41385D}"
EndProject
Global
	GlobalSection(SolutionConfigurationPlatforms) = preSolution
		Debug|Any CPU = Debug|Any CPU
		Release|Any CPU = Release|Any CPU
	EndGlobalSection
	GlobalSection(ProjectConfigurationPlatforms) = postSolution
		{053CDADD-4BE0-44AF-A31A-8583044EC2C8}.Debug|Any CPU.ActiveCfg = Debug|Any CPU
		{053CDADD-4BE0-44AF-A31A-8583044EC2C8}.Debug|Any CPU.Build.0 = Debug|Any CPU
		{053CDADD-4BE0-44AF-A31A-8583044EC2C8}.Release|Any CPU.ActiveCfg = Release|Any CPU
		{053CDADD-4BE0-44AF-A31A-8583044EC2C8}.Release|Any CPU.Build.0 = Release|Any CPU
		{57070998-43C9-4E65-B311-BAEE8BB0995E}.Debug|Any CPU.ActiveCfg = Debug|Any CPU
		{57070998-43C9-4E65-B311-BAEE8BB0995E}.Debug|Any CPU.Build.0 = Debug|Any CPU
		{57070998-43C9-4E65-B311-BAEE8BB0995E}.Release|Any CPU.ActiveCfg = Release|Any CPU
		{57070998-43C9-4E65-B311-BAEE8BB0995E}.Release|Any CPU.Build.0 = Release|Any CPU
		{E71A5248-09C4-4551-B6CE-A06F5A2D64BB}.Debug|Any CPU.ActiveCfg = Debug|Any CPU
		{E71A5248-09C4-4551-B6CE-A06F5A2D64BB}.Debug|Any CPU.Build.0 = Debug|Any CPU
		{E71A5248-09C4-4551-B6CE-A06F5A2D64BB}.Release|Any CPU.ActiveCfg = Release|Any CPU
		{E71A5248-09C4-4551-B6CE-A06F5A2D64BB}.Release|Any CPU.Build.0 = Release|Any CPU
		{5D89469F-E353-4D90-BD3F-2A564B865FD8}.Debug|Any CPU.ActiveCfg = Debug|Any CPU
		{5D89469F-E353-4D90-BD3F-2A564B865FD8}.Debug|Any CPU.Build.0 = Debug|Any CPU
		{5D89469F-E353-4D90-BD3F-2A564B865FD8}.Release|Any CPU.ActiveCfg = Release|Any CPU
		{5D89469F-E353-4D90-BD3F-2A564B865FD8}.Release|Any CPU.Build.0 = Release|Any CPU
		{6A439D8E-5486-4097-A23B-6A15DAC521A7}.Debug|Any CPU.ActiveCfg = Debug|Any CPU
		{6A439D8E-5486-4097-A23B-6A15DAC521A7}.Debug|Any CPU.Build.0 = Debug|Any CPU
		{6A439D8E-5486-4097-A23B-6A15DAC521A7}.Release|Any CPU.ActiveCfg = Release|Any CPU
		{6A439D8E-5486-4097-A23B-6A15DAC521A7}.Release|Any CPU.Build.0 = Release|Any CPU
		{0A08204B-836F-408B-9FB4-92856661863B}.Debug|Any CPU.ActiveCfg = Debug|Any CPU
		{0A08204B-836F-408B-9FB4-92856661863B}.Debug|Any CPU.Build.0 = Debug|Any CPU
		{0A08204B-836F-408B-9FB4-92856661863B}.Release|Any CPU.ActiveCfg = Release|Any CPU
		{0A08204B-836F-408B-9FB4-92856661863B}.Release|Any CPU.Build.0 = Release|Any CPU
		{438896B5-9F41-4D07-9839-437B00A0C795}.Debug|Any CPU.ActiveCfg = Debug|Any CPU
		{438896B5-9F41-4D07-9839-437B00A0C795}.Debug|Any CPU.Build.0 = Debug|Any CPU
		{438896B5-9F41-4D07-9839-437B00A0C795}.Release|Any CPU.ActiveCfg = Release|Any CPU
		{438896B5-9F41-4D07-9839-437B00A0C795}.Release|Any CPU.Build.0 = Release|Any CPU
		{B2FB8952-686C-457E-9FDA-0F02588DEAE0}.Debug|Any CPU.ActiveCfg = Debug|Any CPU
		{B2FB8952-686C-457E-9FDA-0F02588DEAE0}.Debug|Any CPU.Build.0 = Debug|Any CPU
		{B2FB8952-686C-457E-9FDA-0F02588DEAE0}.Release|Any CPU.ActiveCfg = Release|Any CPU
		{B2FB8952-686C-457E-9FDA-0F02588DEAE0}.Release|Any CPU.Build.0 = Release|Any CPU
		{954E26C7-0B3B-40C7-9316-BAE7E64F04EE}.Debug|Any CPU.ActiveCfg = Debug|Any CPU
		{954E26C7-0B3B-40C7-9316-BAE7E64F04EE}.Debug|Any CPU.Build.0 = Debug|Any CPU
		{954E26C7-0B3B-40C7-9316-BAE7E64F04EE}.Release|Any CPU.ActiveCfg = Release|Any CPU
		{954E26C7-0B3B-40C7-9316-BAE7E64F04EE}.Release|Any CPU.Build.0 = Release|Any CPU
		{FDA13819-FBFD-43C9-ADB1-01559C851623}.Debug|Any CPU.ActiveCfg = Debug|Any CPU
		{FDA13819-FBFD-43C9-ADB1-01559C851623}.Debug|Any CPU.Build.0 = Debug|Any CPU
		{FDA13819-FBFD-43C9-ADB1-01559C851623}.Release|Any CPU.ActiveCfg = Release|Any CPU
		{FDA13819-FBFD-43C9-ADB1-01559C851623}.Release|Any CPU.Build.0 = Release|Any CPU
		{EF514D97-A59B-4A0D-A54E-524790A5916A}.Debug|Any CPU.ActiveCfg = Debug|Any CPU
		{EF514D97-A59B-4A0D-A54E-524790A5916A}.Debug|Any CPU.Build.0 = Debug|Any CPU
		{EF514D97-A59B-4A0D-A54E-524790A5916A}.Release|Any CPU.ActiveCfg = Release|Any CPU
		{EF514D97-A59B-4A0D-A54E-524790A5916A}.Release|Any CPU.Build.0 = Release|Any CPU
		{DA03FAF5-3843-4BC2-AA0A-870DCC6A0ED6}.Debug|Any CPU.ActiveCfg = Debug|Any CPU
		{DA03FAF5-3843-4BC2-AA0A-870DCC6A0ED6}.Debug|Any CPU.Build.0 = Debug|Any CPU
		{DA03FAF5-3843-4BC2-AA0A-870DCC6A0ED6}.Release|Any CPU.ActiveCfg = Release|Any CPU
		{DA03FAF5-3843-4BC2-AA0A-870DCC6A0ED6}.Release|Any CPU.Build.0 = Release|Any CPU
		{94F1618E-2209-424E-8548-D412FFFC2F9A}.Debug|Any CPU.ActiveCfg = Debug|Any CPU
		{94F1618E-2209-424E-8548-D412FFFC2F9A}.Debug|Any CPU.Build.0 = Debug|Any CPU
		{94F1618E-2209-424E-8548-D412FFFC2F9A}.Release|Any CPU.ActiveCfg = Release|Any CPU
		{94F1618E-2209-424E-8548-D412FFFC2F9A}.Release|Any CPU.Build.0 = Release|Any CPU
		{BA60D5DF-4304-4F06-84E7-1B1CFA4B156D}.Debug|Any CPU.ActiveCfg = Debug|Any CPU
		{BA60D5DF-4304-4F06-84E7-1B1CFA4B156D}.Debug|Any CPU.Build.0 = Debug|Any CPU
		{BA60D5DF-4304-4F06-84E7-1B1CFA4B156D}.Release|Any CPU.ActiveCfg = Release|Any CPU
		{BA60D5DF-4304-4F06-84E7-1B1CFA4B156D}.Release|Any CPU.Build.0 = Release|Any CPU
		{7FBCE274-4AE0-4CC8-B0E9-57BB74B21DCA}.Debug|Any CPU.ActiveCfg = Debug|Any CPU
		{7FBCE274-4AE0-4CC8-B0E9-57BB74B21DCA}.Debug|Any CPU.Build.0 = Debug|Any CPU
		{7FBCE274-4AE0-4CC8-B0E9-57BB74B21DCA}.Release|Any CPU.ActiveCfg = Release|Any CPU
		{7FBCE274-4AE0-4CC8-B0E9-57BB74B21DCA}.Release|Any CPU.Build.0 = Release|Any CPU
		{868E3E78-46F3-431E-B0B8-32A5C00F4C26}.Debug|Any CPU.ActiveCfg = Debug|Any CPU
		{868E3E78-46F3-431E-B0B8-32A5C00F4C26}.Debug|Any CPU.Build.0 = Debug|Any CPU
		{868E3E78-46F3-431E-B0B8-32A5C00F4C26}.Release|Any CPU.ActiveCfg = Release|Any CPU
		{868E3E78-46F3-431E-B0B8-32A5C00F4C26}.Release|Any CPU.Build.0 = Release|Any CPU
		{ECD97084-D539-4A73-85F8-4E17DA0B81FC}.Debug|Any CPU.ActiveCfg = Debug|Any CPU
		{ECD97084-D539-4A73-85F8-4E17DA0B81FC}.Debug|Any CPU.Build.0 = Debug|Any CPU
		{ECD97084-D539-4A73-85F8-4E17DA0B81FC}.Release|Any CPU.ActiveCfg = Release|Any CPU
		{ECD97084-D539-4A73-85F8-4E17DA0B81FC}.Release|Any CPU.Build.0 = Release|Any CPU
		{9C99FB0A-9D43-4A1F-820B-907125235848}.Debug|Any CPU.ActiveCfg = Debug|Any CPU
		{9C99FB0A-9D43-4A1F-820B-907125235848}.Debug|Any CPU.Build.0 = Debug|Any CPU
		{9C99FB0A-9D43-4A1F-820B-907125235848}.Release|Any CPU.ActiveCfg = Release|Any CPU
		{9C99FB0A-9D43-4A1F-820B-907125235848}.Release|Any CPU.Build.0 = Release|Any CPU
		{E2743FC6-AC8F-495E-A9BA-E804B29EA201}.Debug|Any CPU.ActiveCfg = Debug|Any CPU
		{E2743FC6-AC8F-495E-A9BA-E804B29EA201}.Debug|Any CPU.Build.0 = Debug|Any CPU
		{E2743FC6-AC8F-495E-A9BA-E804B29EA201}.Release|Any CPU.ActiveCfg = Release|Any CPU
		{E2743FC6-AC8F-495E-A9BA-E804B29EA201}.Release|Any CPU.Build.0 = Release|Any CPU
		{C795BEA4-1959-4F4D-959E-DA2BA43654E0}.Debug|Any CPU.ActiveCfg = Debug|Any CPU
		{C795BEA4-1959-4F4D-959E-DA2BA43654E0}.Debug|Any CPU.Build.0 = Debug|Any CPU
		{C795BEA4-1959-4F4D-959E-DA2BA43654E0}.Release|Any CPU.ActiveCfg = Release|Any CPU
		{C795BEA4-1959-4F4D-959E-DA2BA43654E0}.Release|Any CPU.Build.0 = Release|Any CPU
		{5FBB23F3-C9FA-4509-9A7F-9AFD0E768A88}.Debug|Any CPU.ActiveCfg = Debug|Any CPU
		{5FBB23F3-C9FA-4509-9A7F-9AFD0E768A88}.Debug|Any CPU.Build.0 = Debug|Any CPU
		{5FBB23F3-C9FA-4509-9A7F-9AFD0E768A88}.Release|Any CPU.ActiveCfg = Release|Any CPU
		{5FBB23F3-C9FA-4509-9A7F-9AFD0E768A88}.Release|Any CPU.Build.0 = Release|Any CPU
		{144A5B12-BB36-4184-9E0A-3D3D0007E47F}.Debug|Any CPU.ActiveCfg = Debug|Any CPU
		{144A5B12-BB36-4184-9E0A-3D3D0007E47F}.Debug|Any CPU.Build.0 = Debug|Any CPU
		{144A5B12-BB36-4184-9E0A-3D3D0007E47F}.Release|Any CPU.ActiveCfg = Release|Any CPU
		{144A5B12-BB36-4184-9E0A-3D3D0007E47F}.Release|Any CPU.Build.0 = Release|Any CPU
		{8EA81AC7-F020-43E8-BFB4-D38ACEBCF1B3}.Debug|Any CPU.ActiveCfg = Debug|Any CPU
		{8EA81AC7-F020-43E8-BFB4-D38ACEBCF1B3}.Debug|Any CPU.Build.0 = Debug|Any CPU
		{8EA81AC7-F020-43E8-BFB4-D38ACEBCF1B3}.Release|Any CPU.ActiveCfg = Release|Any CPU
		{8EA81AC7-F020-43E8-BFB4-D38ACEBCF1B3}.Release|Any CPU.Build.0 = Release|Any CPU
		{E2CBF2D6-5BB2-4311-A4D5-DE5ABE41385D}.Debug|Any CPU.ActiveCfg = Debug|Any CPU
		{E2CBF2D6-5BB2-4311-A4D5-DE5ABE41385D}.Debug|Any CPU.Build.0 = Debug|Any CPU
		{E2CBF2D6-5BB2-4311-A4D5-DE5ABE41385D}.Release|Any CPU.ActiveCfg = Release|Any CPU
		{E2CBF2D6-5BB2-4311-A4D5-DE5ABE41385D}.Release|Any CPU.Build.0 = Release|Any CPU
	EndGlobalSection
	GlobalSection(SolutionProperties) = preSolution
		HideSolutionNode = FALSE
	EndGlobalSection
	GlobalSection(NestedProjects) = preSolution
		{053CDADD-4BE0-44AF-A31A-8583044EC2C8} = {3697305E-F091-4BB6-A833-950A39F683B5}
		{954E26C7-0B3B-40C7-9316-BAE7E64F04EE} = {3697305E-F091-4BB6-A833-950A39F683B5}
		{FDA13819-FBFD-43C9-ADB1-01559C851623} = {3697305E-F091-4BB6-A833-950A39F683B5}
		{EF514D97-A59B-4A0D-A54E-524790A5916A} = {3697305E-F091-4BB6-A833-950A39F683B5}
		{DA03FAF5-3843-4BC2-AA0A-870DCC6A0ED6} = {3697305E-F091-4BB6-A833-950A39F683B5}
		{94F1618E-2209-424E-8548-D412FFFC2F9A} = {3697305E-F091-4BB6-A833-950A39F683B5}
		{BA60D5DF-4304-4F06-84E7-1B1CFA4B156D} = {3697305E-F091-4BB6-A833-950A39F683B5}
		{868E3E78-46F3-431E-B0B8-32A5C00F4C26} = {3697305E-F091-4BB6-A833-950A39F683B5}
		{9C99FB0A-9D43-4A1F-820B-907125235848} = {3697305E-F091-4BB6-A833-950A39F683B5}
		{C795BEA4-1959-4F4D-959E-DA2BA43654E0} = {3697305E-F091-4BB6-A833-950A39F683B5}
		{144A5B12-BB36-4184-9E0A-3D3D0007E47F} = {3697305E-F091-4BB6-A833-950A39F683B5}
		{E2CBF2D6-5BB2-4311-A4D5-DE5ABE41385D} = {3697305E-F091-4BB6-A833-950A39F683B5}
	EndGlobalSection
EndGlobal
